
Microsoft Visual Studio Solution File, Format Version 12.00
# Visual Studio Version 17
VisualStudioVersion = 17.8.34316.72
MinimumVisualStudioVersion = 10.0.40219.1
Project("{FAE04EC0-301F-11D3-BF4B-00C04F79EFBC}") = "СельскоеХозяйство", "СельскоеХозяйство.csproj", "{8D3F8EAF-E0CF-49B6-A763-57504C233728}"
EndProject
Project("{54435603-DBB4-11D2-8724-00A0C9A8B90C}") = "Сельское Хозяйство", "..\Сельское Хозяйство\Сельское Хозяйство.vdproj", "{A2E861E1-956B-4C76-9B70-DDDA4B5AE6B2}"
EndProject
Global
	GlobalSection(SolutionConfigurationPlatforms) = preSolution
		Debug|Any CPU = Debug|Any CPU
		Release|Any CPU = Release|Any CPU
	EndGlobalSection
	GlobalSection(ProjectConfigurationPlatforms) = postSolution
		{8D3F8EAF-E0CF-49B6-A763-57504C233728}.Debug|Any CPU.ActiveCfg = Debug|Any CPU
		{8D3F8EAF-E0CF-49B6-A763-57504C233728}.Debug|Any CPU.Build.0 = Debug|Any CPU
		{8D3F8EAF-E0CF-49B6-A763-57504C233728}.Release|Any CPU.ActiveCfg = Release|Any CPU
		{8D3F8EAF-E0CF-49B6-A763-57504C233728}.Release|Any CPU.Build.0 = Release|Any CPU
		{A2E861E1-956B-4C76-9B70-DDDA4B5AE6B2}.Debug|Any CPU.ActiveCfg = Debug
		{A2E861E1-956B-4C76-9B70-DDDA4B5AE6B2}.Release|Any CPU.ActiveCfg = Release
	EndGlobalSection
	GlobalSection(SolutionProperties) = preSolution
		HideSolutionNode = FALSE
	EndGlobalSection
	GlobalSection(ExtensibilityGlobals) = postSolution
		SolutionGuid = {C2E060CE-8D65-488A-8909-A5FF5C6B3908}
	EndGlobalSection
EndGlobal
